// !$*UTF8*$!
{
	archiveVersion = 1;
	classes = {
	};
	objectVersion = 56;
	objects = {

/* Begin PBXBuildFile section */
		042EB0262AE6EEE0001B22AE /* Quote.swift in Sources */ = {isa = PBXBuildFile; fileRef = 042EB0252AE6EEE0001B22AE /* Quote.swift */; };
		042EB0282AE6EF1E001B22AE /* Firebase.swift in Sources */ = {isa = PBXBuildFile; fileRef = 042EB0272AE6EF1E001B22AE /* Firebase.swift */; };
		043C7FDC2AE79A650038816A /* UIView.swift in Sources */ = {isa = PBXBuildFile; fileRef = 043C7FDB2AE79A650038816A /* UIView.swift */; };
		044029DE2AE7929400331FCC /* UIPastedBoard.swift in Sources */ = {isa = PBXBuildFile; fileRef = 044029DD2AE7929400331FCC /* UIPastedBoard.swift */; };
		044029E12AE7941200331FCC /* HomeTableViewCell.swift in Sources */ = {isa = PBXBuildFile; fileRef = 044029E02AE7941200331FCC /* HomeTableViewCell.swift */; };
		04A03D002AF009BD00D8B526 /* HomeTableViewCell1.swift in Sources */ = {isa = PBXBuildFile; fileRef = 04A03CFF2AF009BD00D8B526 /* HomeTableViewCell1.swift */; };
		04EF066D2AE6E74000AE9036 /* AppDelegate.swift in Sources */ = {isa = PBXBuildFile; fileRef = 04EF066C2AE6E74000AE9036 /* AppDelegate.swift */; };
		04EF066F2AE6E74000AE9036 /* SceneDelegate.swift in Sources */ = {isa = PBXBuildFile; fileRef = 04EF066E2AE6E74000AE9036 /* SceneDelegate.swift */; };
		04EF06712AE6E74000AE9036 /* ViewController.swift in Sources */ = {isa = PBXBuildFile; fileRef = 04EF06702AE6E74000AE9036 /* ViewController.swift */; };
		04EF06742AE6E74000AE9036 /* Main.storyboard in Resources */ = {isa = PBXBuildFile; fileRef = 04EF06722AE6E74000AE9036 /* Main.storyboard */; };
		04EF06772AE6E74000AE9036 /* punditQuote.xcdatamodeld in Sources */ = {isa = PBXBuildFile; fileRef = 04EF06752AE6E74000AE9036 /* punditQuote.xcdatamodeld */; };
		04EF06792AE6E74100AE9036 /* Assets.xcassets in Resources */ = {isa = PBXBuildFile; fileRef = 04EF06782AE6E74100AE9036 /* Assets.xcassets */; };
		04EF067C2AE6E74100AE9036 /* LaunchScreen.storyboard in Resources */ = {isa = PBXBuildFile; fileRef = 04EF067A2AE6E74100AE9036 /* LaunchScreen.storyboard */; };
		04EF06842AE6E7A600AE9036 /* GoogleService-Info.plist in Resources */ = {isa = PBXBuildFile; fileRef = 04EF06832AE6E7A600AE9036 /* GoogleService-Info.plist */; };
		86411BAE8FE2C83BBB01F5D1 /* Pods_punditQuote.framework in Frameworks */ = {isa = PBXBuildFile; fileRef = A46481B6DD67170DF36E8ED9 /* Pods_punditQuote.framework */; };
/* End PBXBuildFile section */

/* Begin PBXFileReference section */
		042EB0252AE6EEE0001B22AE /* Quote.swift */ = {isa = PBXFileReference; lastKnownFileType = sourcecode.swift; path = Quote.swift; sourceTree = "<group>"; };
		042EB0272AE6EF1E001B22AE /* Firebase.swift */ = {isa = PBXFileReference; lastKnownFileType = sourcecode.swift; path = Firebase.swift; sourceTree = "<group>"; };
		043C7FDB2AE79A650038816A /* UIView.swift */ = {isa = PBXFileReference; lastKnownFileType = sourcecode.swift; path = UIView.swift; sourceTree = "<group>"; };
		044029DD2AE7929400331FCC /* UIPastedBoard.swift */ = {isa = PBXFileReference; lastKnownFileType = sourcecode.swift; path = UIPastedBoard.swift; sourceTree = "<group>"; };
		044029E02AE7941200331FCC /* HomeTableViewCell.swift */ = {isa = PBXFileReference; lastKnownFileType = sourcecode.swift; path = HomeTableViewCell.swift; sourceTree = "<group>"; };
		04A03CFF2AF009BD00D8B526 /* HomeTableViewCell1.swift */ = {isa = PBXFileReference; lastKnownFileType = sourcecode.swift; path = HomeTableViewCell1.swift; sourceTree = "<group>"; };
		04EF06692AE6E73F00AE9036 /* punditQuote.app */ = {isa = PBXFileReference; explicitFileType = wrapper.application; includeInIndex = 0; path = punditQuote.app; sourceTree = BUILT_PRODUCTS_DIR; };
		04EF066C2AE6E74000AE9036 /* AppDelegate.swift */ = {isa = PBXFileReference; lastKnownFileType = sourcecode.swift; path = AppDelegate.swift; sourceTree = "<group>"; };
		04EF066E2AE6E74000AE9036 /* SceneDelegate.swift */ = {isa = PBXFileReference; lastKnownFileType = sourcecode.swift; path = SceneDelegate.swift; sourceTree = "<group>"; };
		04EF06702AE6E74000AE9036 /* ViewController.swift */ = {isa = PBXFileReference; lastKnownFileType = sourcecode.swift; path = ViewController.swift; sourceTree = "<group>"; };
		04EF06732AE6E74000AE9036 /* Base */ = {isa = PBXFileReference; lastKnownFileType = file.storyboard; name = Base; path = Base.lproj/Main.storyboard; sourceTree = "<group>"; };
		04EF06762AE6E74000AE9036 /* punditQuote.xcdatamodel */ = {isa = PBXFileReference; lastKnownFileType = wrapper.xcdatamodel; path = punditQuote.xcdatamodel; sourceTree = "<group>"; };
		04EF06782AE6E74100AE9036 /* Assets.xcassets */ = {isa = PBXFileReference; lastKnownFileType = folder.assetcatalog; path = Assets.xcassets; sourceTree = "<group>"; };
		04EF067B2AE6E74100AE9036 /* Base */ = {isa = PBXFileReference; lastKnownFileType = file.storyboard; name = Base; path = Base.lproj/LaunchScreen.storyboard; sourceTree = "<group>"; };
		04EF067D2AE6E74100AE9036 /* Info.plist */ = {isa = PBXFileReference; lastKnownFileType = text.plist.xml; path = Info.plist; sourceTree = "<group>"; };
		04EF06832AE6E7A600AE9036 /* GoogleService-Info.plist */ = {isa = PBXFileReference; fileEncoding = 4; lastKnownFileType = text.plist.xml; path = "GoogleService-Info.plist"; sourceTree = "<group>"; };
		6DE5D4AF9742376C312587EA /* Pods-punditQuote.debug.xcconfig */ = {isa = PBXFileReference; includeInIndex = 1; lastKnownFileType = text.xcconfig; name = "Pods-punditQuote.debug.xcconfig"; path = "Target Support Files/Pods-punditQuote/Pods-punditQuote.debug.xcconfig"; sourceTree = "<group>"; };
		9288AB9B7365EDCD30B3B5D4 /* Pods-punditQuote.release.xcconfig */ = {isa = PBXFileReference; includeInIndex = 1; lastKnownFileType = text.xcconfig; name = "Pods-punditQuote.release.xcconfig"; path = "Target Support Files/Pods-punditQuote/Pods-punditQuote.release.xcconfig"; sourceTree = "<group>"; };
		A46481B6DD67170DF36E8ED9 /* Pods_punditQuote.framework */ = {isa = PBXFileReference; explicitFileType = wrapper.framework; includeInIndex = 0; path = Pods_punditQuote.framework; sourceTree = BUILT_PRODUCTS_DIR; };
/* End PBXFileReference section */

/* Begin PBXFrameworksBuildPhase section */
		04EF06662AE6E73F00AE9036 /* Frameworks */ = {
			isa = PBXFrameworksBuildPhase;
			buildActionMask = 2147483647;
			files = (
				86411BAE8FE2C83BBB01F5D1 /* Pods_punditQuote.framework in Frameworks */,
			);
			runOnlyForDeploymentPostprocessing = 0;
		};
/* End PBXFrameworksBuildPhase section */

/* Begin PBXGroup section */
		044029D82AE7921000331FCC /* model */ = {
			isa = PBXGroup;
			children = (
				042EB0252AE6EEE0001B22AE /* Quote.swift */,
			);
			path = model;
			sourceTree = "<group>";
		};
		044029D92AE7921D00331FCC /* Application */ = {
			isa = PBXGroup;
			children = (
				04EF066C2AE6E74000AE9036 /* AppDelegate.swift */,
				04EF066E2AE6E74000AE9036 /* SceneDelegate.swift */,
			);
			path = Application;
			sourceTree = "<group>";
		};
		044029DA2AE7922A00331FCC /* controller */ = {
			isa = PBXGroup;
			children = (
				04EF06702AE6E74000AE9036 /* ViewController.swift */,
				044029DF2AE793EC00331FCC /* home */,
			);
			path = controller;
			sourceTree = "<group>";
		};
		044029DB2AE7924D00331FCC /* FirebaseData */ = {
			isa = PBXGroup;
			children = (
				042EB0272AE6EF1E001B22AE /* Firebase.swift */,
			);
			path = FirebaseData;
			sourceTree = "<group>";
		};
		044029DC2AE7927B00331FCC /* extension */ = {
			isa = PBXGroup;
			children = (
				044029DD2AE7929400331FCC /* UIPastedBoard.swift */,
				043C7FDB2AE79A650038816A /* UIView.swift */,
			);
			path = extension;
			sourceTree = "<group>";
		};
		044029DF2AE793EC00331FCC /* home */ = {
			isa = PBXGroup;
			children = (
				044029E02AE7941200331FCC /* HomeTableViewCell.swift */,
				04A03CFF2AF009BD00D8B526 /* HomeTableViewCell1.swift */,
			);
			path = home;
			sourceTree = "<group>";
		};
		04EF06602AE6E73F00AE9036 = {
			isa = PBXGroup;
			children = (
				04EF066B2AE6E73F00AE9036 /* punditQuote */,
				04EF066A2AE6E73F00AE9036 /* Products */,
				E0F83AC31EB85CC3C34E12BD /* Pods */,
				EC2C54FB83B971D1D822AE62 /* Frameworks */,
			);
			sourceTree = "<group>";
		};
		04EF066A2AE6E73F00AE9036 /* Products */ = {
			isa = PBXGroup;
			children = (
				04EF06692AE6E73F00AE9036 /* punditQuote.app */,
			);
			name = Products;
			sourceTree = "<group>";
		};
		04EF066B2AE6E73F00AE9036 /* punditQuote */ = {
			isa = PBXGroup;
			children = (
				044029DC2AE7927B00331FCC /* extension */,
				044029D92AE7921D00331FCC /* Application */,
				044029D82AE7921000331FCC /* model */,
				044029DA2AE7922A00331FCC /* controller */,
				044029DB2AE7924D00331FCC /* FirebaseData */,
				04EF06722AE6E74000AE9036 /* Main.storyboard */,
				04EF06782AE6E74100AE9036 /* Assets.xcassets */,
				04EF067A2AE6E74100AE9036 /* LaunchScreen.storyboard */,
				04EF06832AE6E7A600AE9036 /* GoogleService-Info.plist */,
				04EF067D2AE6E74100AE9036 /* Info.plist */,
				04EF06752AE6E74000AE9036 /* punditQuote.xcdatamodeld */,
			);
			path = punditQuote;
			sourceTree = "<group>";
		};
		E0F83AC31EB85CC3C34E12BD /* Pods */ = {
			isa = PBXGroup;
			children = (
				6DE5D4AF9742376C312587EA /* Pods-punditQuote.debug.xcconfig */,
				9288AB9B7365EDCD30B3B5D4 /* Pods-punditQuote.release.xcconfig */,
			);
			path = Pods;
			sourceTree = "<group>";
		};
		EC2C54FB83B971D1D822AE62 /* Frameworks */ = {
			isa = PBXGroup;
			children = (
				A46481B6DD67170DF36E8ED9 /* Pods_punditQuote.framework */,
			);
			name = Frameworks;
			sourceTree = "<group>";
		};
/* End PBXGroup section */

/* Begin PBXNativeTarget section */
		04EF06682AE6E73F00AE9036 /* punditQuote */ = {
			isa = PBXNativeTarget;
			buildConfigurationList = 04EF06802AE6E74100AE9036 /* Build configuration list for PBXNativeTarget "punditQuote" */;
			buildPhases = (
				1463F2C4ED9EACEDCB2A835C /* [CP] Check Pods Manifest.lock */,
				04EF06652AE6E73F00AE9036 /* Sources */,
				04EF06662AE6E73F00AE9036 /* Frameworks */,
				04EF06672AE6E73F00AE9036 /* Resources */,
				15CF30E976526C4ADD4851D7 /* [CP] Embed Pods Frameworks */,
			);
			buildRules = (
			);
			dependencies = (
			);
			name = punditQuote;
			productName = punditQuote;
			productReference = 04EF06692AE6E73F00AE9036 /* punditQuote.app */;
			productType = "com.apple.product-type.application";
		};
/* End PBXNativeTarget section */

/* Begin PBXProject section */
		04EF06612AE6E73F00AE9036 /* Project object */ = {
			isa = PBXProject;
			attributes = {
				BuildIndependentTargetsInParallel = 1;
				LastSwiftUpdateCheck = 1420;
				LastUpgradeCheck = 1420;
				TargetAttributes = {
					04EF06682AE6E73F00AE9036 = {
						CreatedOnToolsVersion = 14.2;
					};
				};
			};
			buildConfigurationList = 04EF06642AE6E73F00AE9036 /* Build configuration list for PBXProject "punditQuote" */;
			compatibilityVersion = "Xcode 14.0";
			developmentRegion = en;
			hasScannedForEncodings = 0;
			knownRegions = (
				en,
				Base,
			);
			mainGroup = 04EF06602AE6E73F00AE9036;
			productRefGroup = 04EF066A2AE6E73F00AE9036 /* Products */;
			projectDirPath = "";
			projectRoot = "";
			targets = (
				04EF06682AE6E73F00AE9036 /* punditQuote */,
			);
		};
/* End PBXProject section */

/* Begin PBXResourcesBuildPhase section */
		04EF06672AE6E73F00AE9036 /* Resources */ = {
			isa = PBXResourcesBuildPhase;
			buildActionMask = 2147483647;
			files = (
				04EF067C2AE6E74100AE9036 /* LaunchScreen.storyboard in Resources */,
				04EF06792AE6E74100AE9036 /* Assets.xcassets in Resources */,
				04EF06742AE6E74000AE9036 /* Main.storyboard in Resources */,
				04EF06842AE6E7A600AE9036 /* GoogleService-Info.plist in Resources */,
			);
			runOnlyForDeploymentPostprocessing = 0;
		};
/* End PBXResourcesBuildPhase section */

/* Begin PBXShellScriptBuildPhase section */
		1463F2C4ED9EACEDCB2A835C /* [CP] Check Pods Manifest.lock */ = {
			isa = PBXShellScriptBuildPhase;
			buildActionMask = 2147483647;
			files = (
			);
			inputFileListPaths = (
			);
			inputPaths = (
				"${PODS_PODFILE_DIR_PATH}/Podfile.lock",
				"${PODS_ROOT}/Manifest.lock",
			);
			name = "[CP] Check Pods Manifest.lock";
			outputFileListPaths = (
			);
			outputPaths = (
				"$(DERIVED_FILE_DIR)/Pods-punditQuote-checkManifestLockResult.txt",
			);
			runOnlyForDeploymentPostprocessing = 0;
			shellPath = /bin/sh;
			shellScript = "diff \"${PODS_PODFILE_DIR_PATH}/Podfile.lock\" \"${PODS_ROOT}/Manifest.lock\" > /dev/null\nif [ $? != 0 ] ; then\n    # print error to STDERR\n    echo \"error: The sandbox is not in sync with the Podfile.lock. Run 'pod install' or update your CocoaPods installation.\" >&2\n    exit 1\nfi\n# This output is used by Xcode 'outputs' to avoid re-running this script phase.\necho \"SUCCESS\" > \"${SCRIPT_OUTPUT_FILE_0}\"\n";
			showEnvVarsInLog = 0;
		};
		15CF30E976526C4ADD4851D7 /* [CP] Embed Pods Frameworks */ = {
			isa = PBXShellScriptBuildPhase;
			buildActionMask = 2147483647;
			files = (
			);
			inputFileListPaths = (
				"${PODS_ROOT}/Target Support Files/Pods-punditQuote/Pods-punditQuote-frameworks-${CONFIGURATION}-input-files.xcfilelist",
			);
			name = "[CP] Embed Pods Frameworks";
			outputFileListPaths = (
				"${PODS_ROOT}/Target Support Files/Pods-punditQuote/Pods-punditQuote-frameworks-${CONFIGURATION}-output-files.xcfilelist",
			);
			runOnlyForDeploymentPostprocessing = 0;
			shellPath = /bin/sh;
			shellScript = "\"${PODS_ROOT}/Target Support Files/Pods-punditQuote/Pods-punditQuote-frameworks.sh\"\n";
			showEnvVarsInLog = 0;
		};
/* End PBXShellScriptBuildPhase section */

/* Begin PBXSourcesBuildPhase section */
		04EF06652AE6E73F00AE9036 /* Sources */ = {
			isa = PBXSourcesBuildPhase;
			buildActionMask = 2147483647;
			files = (
				042EB0282AE6EF1E001B22AE /* Firebase.swift in Sources */,
				04EF06712AE6E74000AE9036 /* ViewController.swift in Sources */,
				04EF066D2AE6E74000AE9036 /* AppDelegate.swift in Sources */,
				044029DE2AE7929400331FCC /* UIPastedBoard.swift in Sources */,
				04EF06772AE6E74000AE9036 /* punditQuote.xcdatamodeld in Sources */,
				042EB0262AE6EEE0001B22AE /* Quote.swift in Sources */,
				044029E12AE7941200331FCC /* HomeTableViewCell.swift in Sources */,
				043C7FDC2AE79A650038816A /* UIView.swift in Sources */,
				04A03D002AF009BD00D8B526 /* HomeTableViewCell1.swift in Sources */,
				04EF066F2AE6E74000AE9036 /* SceneDelegate.swift in Sources */,
			);
			runOnlyForDeploymentPostprocessing = 0;
		};
/* End PBXSourcesBuildPhase section */

/* Begin PBXVariantGroup section */
		04EF06722AE6E74000AE9036 /* Main.storyboard */ = {
			isa = PBXVariantGroup;
			children = (
				04EF06732AE6E74000AE9036 /* Base */,
			);
			name = Main.storyboard;
			sourceTree = "<group>";
		};
		04EF067A2AE6E74100AE9036 /* LaunchScreen.storyboard */ = {
			isa = PBXVariantGroup;
			children = (
				04EF067B2AE6E74100AE9036 /* Base */,
			);
			name = LaunchScreen.storyboard;
			sourceTree = "<group>";
		};
/* End PBXVariantGroup section */

/* Begin XCBuildConfiguration section */
		04EF067E2AE6E74100AE9036 /* Debug */ = {
			isa = XCBuildConfiguration;
			buildSettings = {
				ALWAYS_SEARCH_USER_PATHS = NO;
				CLANG_ANALYZER_NONNULL = YES;
				CLANG_ANALYZER_NUMBER_OBJECT_CONVERSION = YES_AGGRESSIVE;
				CLANG_CXX_LANGUAGE_STANDARD = "gnu++20";
				CLANG_ENABLE_MODULES = YES;
				CLANG_ENABLE_OBJC_ARC = YES;
				CLANG_ENABLE_OBJC_WEAK = YES;
				CLANG_WARN_BLOCK_CAPTURE_AUTORELEASING = YES;
				CLANG_WARN_BOOL_CONVERSION = YES;
				CLANG_WARN_COMMA = YES;
				CLANG_WARN_CONSTANT_CONVERSION = YES;
				CLANG_WARN_DEPRECATED_OBJC_IMPLEMENTATIONS = YES;
				CLANG_WARN_DIRECT_OBJC_ISA_USAGE = YES_ERROR;
				CLANG_WARN_DOCUMENTATION_COMMENTS = YES;
				CLANG_WARN_EMPTY_BODY = YES;
				CLANG_WARN_ENUM_CONVERSION = YES;
				CLANG_WARN_INFINITE_RECURSION = YES;
				CLANG_WARN_INT_CONVERSION = YES;
				CLANG_WARN_NON_LITERAL_NULL_CONVERSION = YES;
				CLANG_WARN_OBJC_IMPLICIT_RETAIN_SELF = YES;
				CLANG_WARN_OBJC_LITERAL_CONVERSION = YES;
				CLANG_WARN_OBJC_ROOT_CLASS = YES_ERROR;
				CLANG_WARN_QUOTED_INCLUDE_IN_FRAMEWORK_HEADER = YES;
				CLANG_WARN_RANGE_LOOP_ANALYSIS = YES;
				CLANG_WARN_STRICT_PROTOTYPES = YES;
				CLANG_WARN_SUSPICIOUS_MOVE = YES;
				CLANG_WARN_UNGUARDED_AVAILABILITY = YES_AGGRESSIVE;
				CLANG_WARN_UNREACHABLE_CODE = YES;
				CLANG_WARN__DUPLICATE_METHOD_MATCH = YES;
				COPY_PHASE_STRIP = NO;
				DEBUG_INFORMATION_FORMAT = dwarf;
				ENABLE_STRICT_OBJC_MSGSEND = YES;
				ENABLE_TESTABILITY = YES;
				GCC_C_LANGUAGE_STANDARD = gnu11;
				GCC_DYNAMIC_NO_PIC = NO;
				GCC_NO_COMMON_BLOCKS = YES;
				GCC_OPTIMIZATION_LEVEL = 0;
				GCC_PREPROCESSOR_DEFINITIONS = (
					"DEBUG=1",
					"$(inherited)",
				);
				GCC_WARN_64_TO_32_BIT_CONVERSION = YES;
				GCC_WARN_ABOUT_RETURN_TYPE = YES_ERROR;
				GCC_WARN_UNDECLARED_SELECTOR = YES;
				GCC_WARN_UNINITIALIZED_AUTOS = YES_AGGRESSIVE;
				GCC_WARN_UNUSED_FUNCTION = YES;
				GCC_WARN_UNUSED_VARIABLE = YES;
				IPHONEOS_DEPLOYMENT_TARGET = 16.2;
				MTL_ENABLE_DEBUG_INFO = INCLUDE_SOURCE;
				MTL_FAST_MATH = YES;
				ONLY_ACTIVE_ARCH = YES;
				SDKROOT = iphoneos;
				SWIFT_ACTIVE_COMPILATION_CONDITIONS = DEBUG;
				SWIFT_OPTIMIZATION_LEVEL = "-Onone";
			};
			name = Debug;
		};
		04EF067F2AE6E74100AE9036 /* Release */ = {
			isa = XCBuildConfiguration;
			buildSettings = {
				ALWAYS_SEARCH_USER_PATHS = NO;
				CLANG_ANALYZER_NONNULL = YES;
				CLANG_ANALYZER_NUMBER_OBJECT_CONVERSION = YES_AGGRESSIVE;
				CLANG_CXX_LANGUAGE_STANDARD = "gnu++20";
				CLANG_ENABLE_MODULES = YES;
				CLANG_ENABLE_OBJC_ARC = YES;
				CLANG_ENABLE_OBJC_WEAK = YES;
				CLANG_WARN_BLOCK_CAPTURE_AUTORELEASING = YES;
				CLANG_WARN_BOOL_CONVERSION = YES;
				CLANG_WARN_COMMA = YES;
				CLANG_WARN_CONSTANT_CONVERSION = YES;
				CLANG_WARN_DEPRECATED_OBJC_IMPLEMENTATIONS = YES;
				CLANG_WARN_DIRECT_OBJC_ISA_USAGE = YES_ERROR;
				CLANG_WARN_DOCUMENTATION_COMMENTS = YES;
				CLANG_WARN_EMPTY_BODY = YES;
				CLANG_WARN_ENUM_CONVERSION = YES;
				CLANG_WARN_INFINITE_RECURSION = YES;
				CLANG_WARN_INT_CONVERSION = YES;
				CLANG_WARN_NON_LITERAL_NULL_CONVERSION = YES;
				CLANG_WARN_OBJC_IMPLICIT_RETAIN_SELF = YES;
				CLANG_WARN_OBJC_LITERAL_CONVERSION = YES;
				CLANG_WARN_OBJC_ROOT_CLASS = YES_ERROR;
				CLANG_WARN_QUOTED_INCLUDE_IN_FRAMEWORK_HEADER = YES;
				CLANG_WARN_RANGE_LOOP_ANALYSIS = YES;
				CLANG_WARN_STRICT_PROTOTYPES = YES;
				CLANG_WARN_SUSPICIOUS_MOVE = YES;
				CLANG_WARN_UNGUARDED_AVAILABILITY = YES_AGGRESSIVE;
				CLANG_WARN_UNREACHABLE_CODE = YES;
				CLANG_WARN__DUPLICATE_METHOD_MATCH = YES;
				COPY_PHASE_STRIP = NO;
				DEBUG_INFORMATION_FORMAT = "dwarf-with-dsym";
				ENABLE_NS_ASSERTIONS = NO;
				ENABLE_STRICT_OBJC_MSGSEND = YES;
				GCC_C_LANGUAGE_STANDARD = gnu11;
				GCC_NO_COMMON_BLOCKS = YES;
				GCC_WARN_64_TO_32_BIT_CONVERSION = YES;
				GCC_WARN_ABOUT_RETURN_TYPE = YES_ERROR;
				GCC_WARN_UNDECLARED_SELECTOR = YES;
				GCC_WARN_UNINITIALIZED_AUTOS = YES_AGGRESSIVE;
				GCC_WARN_UNUSED_FUNCTION = YES;
				GCC_WARN_UNUSED_VARIABLE = YES;
				IPHONEOS_DEPLOYMENT_TARGET = 16.2;
				MTL_ENABLE_DEBUG_INFO = NO;
				MTL_FAST_MATH = YES;
				SDKROOT = iphoneos;
				SWIFT_COMPILATION_MODE = wholemodule;
				SWIFT_OPTIMIZATION_LEVEL = "-O";
				VALIDATE_PRODUCT = YES;
			};
			name = Release;
		};
		04EF06812AE6E74100AE9036 /* Debug */ = {
			isa = XCBuildConfiguration;
			baseConfigurationReference = 6DE5D4AF9742376C312587EA /* Pods-punditQuote.debug.xcconfig */;
			buildSettings = {
				ASSETCATALOG_COMPILER_APPICON_NAME = AppIcon;
				ASSETCATALOG_COMPILER_GLOBAL_ACCENT_COLOR_NAME = AccentColor;
				CODE_SIGN_STYLE = Automatic;
				CURRENT_PROJECT_VERSION = 1;
				GENERATE_INFOPLIST_FILE = YES;
				INFOPLIST_FILE = punditQuote/Info.plist;
				INFOPLIST_KEY_UIApplicationSupportsIndirectInputEvents = YES;
				INFOPLIST_KEY_UILaunchStoryboardName = LaunchScreen;
				INFOPLIST_KEY_UIMainStoryboardFile = Main;
				INFOPLIST_KEY_UIStatusBarStyle = "";
				INFOPLIST_KEY_UISupportedInterfaceOrientations_iPad = "UIInterfaceOrientationPortrait UIInterfaceOrientationPortraitUpsideDown UIInterfaceOrientationLandscapeLeft UIInterfaceOrientationLandscapeRight";
				INFOPLIST_KEY_UISupportedInterfaceOrientations_iPhone = "UIInterfaceOrientationPortrait UIInterfaceOrientationLandscapeLeft UIInterfaceOrientationLandscapeRight";
				IPHONEOS_DEPLOYMENT_TARGET = 14.0;
				LD_RUNPATH_SEARCH_PATHS = (
					"$(inherited)",
					"@executable_path/Frameworks",
				);
				MARKETING_VERSION = 1.0;
				PRODUCT_BUNDLE_IDENTIFIER = asimzaheer.punditQuote;
				PRODUCT_NAME = "$(TARGET_NAME)";
				SWIFT_EMIT_LOC_STRINGS = YES;
				SWIFT_VERSION = 5.0;
				TARGETED_DEVICE_FAMILY = "1,2";
			};
			name = Debug;
		};
		04EF06822AE6E74100AE9036 /* Release */ = {
			isa = XCBuildConfiguration;
			baseConfigurationReference = 9288AB9B7365EDCD30B3B5D4 /* Pods-punditQuote.release.xcconfig */;
			buildSettings = {
				ASSETCATALOG_COMPILER_APPICON_NAME = AppIcon;
				ASSETCATALOG_COMPILER_GLOBAL_ACCENT_COLOR_NAME = AccentColor;
				CODE_SIGN_IDENTITY = "Apple Development";
				CODE_SIGN_STYLE = Automatic;
				CURRENT_PROJECT_VERSION = 1;
				DEVELOPMENT_TEAM = 638JFH4RR5;
				GENERATE_INFOPLIST_FILE = YES;
				INFOPLIST_FILE = punditQuote/Info.plist;
				INFOPLIST_KEY_UIApplicationSupportsIndirectInputEvents = YES;
				INFOPLIST_KEY_UILaunchStoryboardName = LaunchScreen;
				INFOPLIST_KEY_UIMainStoryboardFile = Main;
				INFOPLIST_KEY_UIStatusBarStyle = "";
				INFOPLIST_KEY_UISupportedInterfaceOrientations_iPad = "UIInterfaceOrientationPortrait UIInterfaceOrientationPortraitUpsideDown UIInterfaceOrientationLandscapeLeft UIInterfaceOrientationLandscapeRight";
				INFOPLIST_KEY_UISupportedInterfaceOrientations_iPhone = "UIInterfaceOrientationPortrait UIInterfaceOrientationLandscapeLeft UIInterfaceOrientationLandscapeRight";
				IPHONEOS_DEPLOYMENT_TARGET = 14.0;
				LD_RUNPATH_SEARCH_PATHS = (
					"$(inherited)",
					"@executable_path/Frameworks",
				);
				MARKETING_VERSION = 1.0;
				PRODUCT_BUNDLE_IDENTIFIER = asimzaheer.punditQuote;
				PRODUCT_NAME = "$(TARGET_NAME)";
				PROVISIONING_PROFILE_SPECIFIER = "";
				SWIFT_EMIT_LOC_STRINGS = YES;
				SWIFT_VERSION = 5.0;
				TARGETED_DEVICE_FAMILY = "1,2";
			};
			name = Release;
		};
/* End XCBuildConfiguration section */

/* Begin XCConfigurationList section */
		04EF06642AE6E73F00AE9036 /* Build configuration list for PBXProject "punditQuote" */ = {
			isa = XCConfigurationList;
			buildConfigurations = (
				04EF067E2AE6E74100AE9036 /* Debug */,
				04EF067F2AE6E74100AE9036 /* Release */,
			);
			defaultConfigurationIsVisible = 0;
			defaultConfigurationName = Release;
		};
		04EF06802AE6E74100AE9036 /* Build configuration list for PBXNativeTarget "punditQuote" */ = {
			isa = XCConfigurationList;
			buildConfigurations = (
				04EF06812AE6E74100AE9036 /* Debug */,
				04EF06822AE6E74100AE9036 /* Release */,
			);
			defaultConfigurationIsVisible = 0;
			defaultConfigurationName = Release;
		};
/* End XCConfigurationList section */

/* Begin XCVersionGroup section */
		04EF06752AE6E74000AE9036 /* punditQuote.xcdatamodeld */ = {
			isa = XCVersionGroup;
			children = (
				04EF06762AE6E74000AE9036 /* punditQuote.xcdatamodel */,
			);
			currentVersion = 04EF06762AE6E74000AE9036 /* punditQuote.xcdatamodel */;
			path = punditQuote.xcdatamodeld;
			sourceTree = "<group>";
			versionGroupType = wrapper.xcdatamodel;
		};
/* End XCVersionGroup section */
	};
	rootObject = 04EF06612AE6E73F00AE9036 /* Project object */;
}
